
Microsoft Visual Studio Solution File, Format Version 12.00
# Visual Studio Version 17
VisualStudioVersion = 17.9.34622.214
MinimumVisualStudioVersion = 10.0.40219.1
Project("{FAE04EC0-301F-11D3-BF4B-00C04F79EFBC}") = "1", "1\1.csproj", "{28E055A2-FB6F-4075-B20B-2463C63DC511}"
EndProject
Project("{FAE04EC0-301F-11D3-BF4B-00C04F79EFBC}") = "1.2", "1.2\1.2.csproj", "{10CB646B-4BF7-45CD-9702-0402430C5D71}"
EndProject
Project("{FAE04EC0-301F-11D3-BF4B-00C04F79EFBC}") = "1.1", "1.1\1.1.csproj", "{8D702E33-29A5-4117-8F89-B96A9CFB19E5}"
EndProject
Project("{FAE04EC0-301F-11D3-BF4B-00C04F79EFBC}") = "2", "2\2.csproj", "{12EEBD7D-FA79-446A-9B0E-9ABB47CB27C5}"
EndProject
Global
	GlobalSection(SolutionConfigurationPlatforms) = preSolution
		Debug|Any CPU = Debug|Any CPU
		Release|Any CPU = Release|Any CPU
	EndGlobalSection
	GlobalSection(ProjectConfigurationPlatforms) = postSolution
		{28E055A2-FB6F-4075-B20B-2463C63DC511}.Debug|Any CPU.ActiveCfg = Debug|Any CPU
		{28E055A2-FB6F-4075-B20B-2463C63DC511}.Debug|Any CPU.Build.0 = Debug|Any CPU
		{28E055A2-FB6F-4075-B20B-2463C63DC511}.Release|Any CPU.ActiveCfg = Release|Any CPU
		{28E055A2-FB6F-4075-B20B-2463C63DC511}.Release|Any CPU.Build.0 = Release|Any CPU
		{10CB646B-4BF7-45CD-9702-0402430C5D71}.Debug|Any CPU.ActiveCfg = Debug|Any CPU
		{10CB646B-4BF7-45CD-9702-0402430C5D71}.Debug|Any CPU.Build.0 = Debug|Any CPU
		{10CB646B-4BF7-45CD-9702-0402430C5D71}.Release|Any CPU.ActiveCfg = Release|Any CPU
		{10CB646B-4BF7-45CD-9702-0402430C5D71}.Release|Any CPU.Build.0 = Release|Any CPU
		{8D702E33-29A5-4117-8F89-B96A9CFB19E5}.Debug|Any CPU.ActiveCfg = Debug|Any CPU
		{8D702E33-29A5-4117-8F89-B96A9CFB19E5}.Debug|Any CPU.Build.0 = Debug|Any CPU
		{8D702E33-29A5-4117-8F89-B96A9CFB19E5}.Release|Any CPU.ActiveCfg = Release|Any CPU
		{8D702E33-29A5-4117-8F89-B96A9CFB19E5}.Release|Any CPU.Build.0 = Release|Any CPU
		{12EEBD7D-FA79-446A-9B0E-9ABB47CB27C5}.Debug|Any CPU.ActiveCfg = Debug|Any CPU
		{12EEBD7D-FA79-446A-9B0E-9ABB47CB27C5}.Debug|Any CPU.Build.0 = Debug|Any CPU
		{12EEBD7D-FA79-446A-9B0E-9ABB47CB27C5}.Release|Any CPU.ActiveCfg = Release|Any CPU
		{12EEBD7D-FA79-446A-9B0E-9ABB47CB27C5}.Release|Any CPU.Build.0 = Release|Any CPU
	EndGlobalSection
	GlobalSection(SolutionProperties) = preSolution
		HideSolutionNode = FALSE
	EndGlobalSection
	GlobalSection(ExtensibilityGlobals) = postSolution
		SolutionGuid = {56F90611-60B4-4051-9649-CDFA96B160C8}
	EndGlobalSection
EndGlobal
